{
    "_readme": [
        "This file locks the dependencies of your project to a known state",
        "Read more about it at https://getcomposer.org/doc/01-basic-usage.md#installing-dependencies",
        "This file is @generated automatically"
    ],
    "content-hash": "c8a79bba81f14d1fb1c36a0edb3f32c4",
    "packages": [
        {
            "name": "box/spout",
            "version": "v3.3.0",
            "source": {
                "type": "git",
                "url": "https://github.com/box/spout.git",
                "reference": "9bdb027d312b732515b884a341c0ad70372c6295"
            },
            "dist": {
                "type": "zip",
                "url": "https://api.github.com/repos/box/spout/zipball/9bdb027d312b732515b884a341c0ad70372c6295",
                "reference": "9bdb027d312b732515b884a341c0ad70372c6295",
                "shasum": ""
            },
            "require": {
                "ext-dom": "*",
                "ext-xmlreader": "*",
                "ext-zip": "*",
                "php": ">=7.2.0"
            },
            "require-dev": {
                "friendsofphp/php-cs-fixer": "^2",
                "phpunit/phpunit": "^8"
            },
            "suggest": {
                "ext-iconv": "To handle non UTF-8 CSV files (if \"php-intl\" is not already installed or is too limited)",
                "ext-intl": "To handle non UTF-8 CSV files (if \"iconv\" is not already installed)"
            },
            "type": "library",
            "extra": {
                "branch-alias": {
                    "dev-master": "3.1.x-dev"
                }
            },
            "autoload": {
                "psr-4": {
                    "Box\\Spout\\": "src/Spout"
                }
            },
            "notification-url": "https://packagist.org/downloads/",
            "license": [
                "Apache-2.0"
            ],
            "authors": [
                {
                    "name": "Adrien Loison",
                    "email": "adrien@box.com"
                }
            ],
            "description": "PHP Library to read and write spreadsheet files (CSV, XLSX and ODS), in a fast and scalable way",
            "homepage": "https://www.github.com/box/spout",
            "keywords": [
                "OOXML",
                "csv",
                "excel",
                "memory",
                "odf",
                "ods",
                "office",
                "open",
                "php",
                "read",
                "scale",
                "spreadsheet",
                "stream",
                "write",
                "xlsx"
            ],
            "support": {
                "issues": "https://github.com/box/spout/issues",
                "source": "https://github.com/box/spout/tree/v3.3.0"
            },
            "abandoned": true,
            "time": "2021-05-14T21:18:09+00:00"
        },
        {
            "name": "dealerdirect/phpcodesniffer-composer-installer",
            "version": "v1.0.0",
            "source": {
                "type": "git",
                "url": "https://github.com/PHPCSStandards/composer-installer.git",
                "reference": "4be43904336affa5c2f70744a348312336afd0da"
            },
            "dist": {
                "type": "zip",
                "url": "https://api.github.com/repos/PHPCSStandards/composer-installer/zipball/4be43904336affa5c2f70744a348312336afd0da",
                "reference": "4be43904336affa5c2f70744a348312336afd0da",
                "shasum": ""
            },
            "require": {
                "composer-plugin-api": "^1.0 || ^2.0",
                "php": ">=5.4",
                "squizlabs/php_codesniffer": "^2.0 || ^3.1.0 || ^4.0"
            },
            "require-dev": {
                "composer/composer": "*",
                "ext-json": "*",
                "ext-zip": "*",
                "php-parallel-lint/php-parallel-lint": "^1.3.1",
                "phpcompatibility/php-compatibility": "^9.0",
                "yoast/phpunit-polyfills": "^1.0"
            },
            "type": "composer-plugin",
            "extra": {
                "class": "PHPCSStandards\\Composer\\Plugin\\Installers\\PHPCodeSniffer\\Plugin"
            },
            "autoload": {
                "psr-4": {
                    "PHPCSStandards\\Composer\\Plugin\\Installers\\PHPCodeSniffer\\": "src/"
                }
            },
            "notification-url": "https://packagist.org/downloads/",
            "license": [
                "MIT"
            ],
            "authors": [
                {
                    "name": "Franck Nijhof",
                    "email": "franck.nijhof@dealerdirect.com",
                    "homepage": "http://www.frenck.nl",
                    "role": "Developer / IT Manager"
                },
                {
                    "name": "Contributors",
                    "homepage": "https://github.com/PHPCSStandards/composer-installer/graphs/contributors"
                }
            ],
            "description": "PHP_CodeSniffer Standards Composer Installer Plugin",
            "homepage": "http://www.dealerdirect.com",
            "keywords": [
                "PHPCodeSniffer",
                "PHP_CodeSniffer",
                "code quality",
                "codesniffer",
                "composer",
                "installer",
                "phpcbf",
                "phpcs",
                "plugin",
                "qa",
                "quality",
                "standard",
                "standards",
                "style guide",
                "stylecheck",
                "tests"
            ],
            "support": {
                "issues": "https://github.com/PHPCSStandards/composer-installer/issues",
                "source": "https://github.com/PHPCSStandards/composer-installer"
            },
            "time": "2023-01-05T11:28:13+00:00"
        },
        {
            "name": "drupal/coder",
            "version": "8.3.x-dev",
            "source": {
                "type": "git",
                "url": "https://github.com/pfrenssen/coder.git",
                "reference": "7a35274fb0443ef90aaf5fe0855e4d66512ef113"
            },
            "dist": {
                "type": "zip",
                "url": "https://api.github.com/repos/pfrenssen/coder/zipball/7a35274fb0443ef90aaf5fe0855e4d66512ef113",
                "reference": "7a35274fb0443ef90aaf5fe0855e4d66512ef113",
                "shasum": ""
            },
            "require": {
                "dealerdirect/phpcodesniffer-composer-installer": "^0.7.1 || ^1.0.0",
                "ext-mbstring": "*",
                "php": ">=7.2",
                "sirbrillig/phpcs-variable-analysis": "^2.11.7",
                "slevomat/coding-standard": "^8.11",
                "squizlabs/php_codesniffer": "^3.7.1",
                "symfony/yaml": ">=3.4.0"
            },
            "require-dev": {
                "phpstan/phpstan": "^1.7.12",
                "phpunit/phpunit": "^8.0"
            },
            "default-branch": true,
            "type": "phpcodesniffer-standard",
            "autoload": {
                "psr-4": {
                    "Drupal\\": "coder_sniffer/Drupal/",
                    "DrupalPractice\\": "coder_sniffer/DrupalPractice/"
                }
            },
            "notification-url": "https://packagist.org/downloads/",
            "license": [
                "GPL-2.0-or-later"
            ],
            "description": "Coder is a library to review Drupal code.",
            "homepage": "https://www.drupal.org/project/coder",
            "keywords": [
                "code review",
                "phpcs",
                "standards"
            ],
            "support": {
                "issues": "https://www.drupal.org/project/issues/coder",
                "source": "https://www.drupal.org/project/coder"
            },
            "time": "2023-08-23T20:03:19+00:00"
        },
        {
            "name": "openspout/openspout",
            "version": "3.x-dev",
            "source": {
                "type": "git",
                "url": "https://github.com/openspout/openspout.git",
                "reference": "dfbbd53b5edcd486b45a37f6a04fac33073c70f3"
            },
            "dist": {
                "type": "zip",
                "url": "https://api.github.com/repos/openspout/openspout/zipball/dfbbd53b5edcd486b45a37f6a04fac33073c70f3",
                "reference": "dfbbd53b5edcd486b45a37f6a04fac33073c70f3",
                "shasum": ""
            },
            "require": {
                "ext-dom": "*",
                "ext-filter": "*",
                "ext-libxml": "*",
                "ext-xmlreader": "*",
                "ext-zip": "*",
                "php": "~7.3.0 || ~7.4.0 || ~8.0.0 || ~8.1.0"
            },
            "require-dev": {
                "ext-zlib": "*",
                "friendsofphp/php-cs-fixer": "^3.4",
                "phpstan/phpstan": "^1.4",
                "phpstan/phpstan-phpunit": "^1.0",
                "phpunit/phpunit": "^9.5"
            },
            "suggest": {
                "ext-iconv": "To handle non UTF-8 CSV files (if \"php-intl\" is not already installed or is too limited)",
                "ext-intl": "To handle non UTF-8 CSV files (if \"iconv\" is not already installed)"
            },
            "type": "library",
            "extra": {
                "branch-alias": {
                    "dev-master": "3.3.x-dev"
                }
            },
            "autoload": {
                "psr-4": {
                    "OpenSpout\\": "src/"
                }
            },
            "notification-url": "https://packagist.org/downloads/",
            "license": [
                "MIT"
            ],
            "authors": [
                {
                    "name": "Adrien Loison",
                    "email": "adrien@box.com"
                }
            ],
            "description": "PHP Library to read and write spreadsheet files (CSV, XLSX and ODS), in a fast and scalable way",
            "homepage": "https://github.com/openspout/openspout",
            "keywords": [
                "OOXML",
                "csv",
                "excel",
                "memory",
                "odf",
                "ods",
                "office",
                "open",
                "php",
                "read",
                "scale",
                "spreadsheet",
                "stream",
                "write",
                "xlsx"
            ],
            "support": {
                "issues": "https://github.com/openspout/openspout/issues",
                "source": "https://github.com/openspout/openspout/tree/3.x"
            },
            "funding": [
                {
                    "url": "https://paypal.me/filippotessarotto",
                    "type": "custom"
                },
                {
                    "url": "https://github.com/Slamdunk",
                    "type": "github"
                }
            ],
            "time": "2022-03-31T06:15:15+00:00"
        },
        {
            "name": "phpstan/phpdoc-parser",
            "version": "1.24.2",
            "source": {
                "type": "git",
                "url": "https://github.com/phpstan/phpdoc-parser.git",
                "reference": "bcad8d995980440892759db0c32acae7c8e79442"
            },
            "dist": {
                "type": "zip",
                "url": "https://api.github.com/repos/phpstan/phpdoc-parser/zipball/bcad8d995980440892759db0c32acae7c8e79442",
                "reference": "bcad8d995980440892759db0c32acae7c8e79442",
                "shasum": ""
            },
            "require": {
                "php": "^7.2 || ^8.0"
            },
            "require-dev": {
                "doctrine/annotations": "^2.0",
                "nikic/php-parser": "^4.15",
                "php-parallel-lint/php-parallel-lint": "^1.2",
                "phpstan/extension-installer": "^1.0",
                "phpstan/phpstan": "^1.5",
                "phpstan/phpstan-phpunit": "^1.1",
                "phpstan/phpstan-strict-rules": "^1.0",
                "phpunit/phpunit": "^9.5",
                "symfony/process": "^5.2"
            },
            "type": "library",
            "autoload": {
                "psr-4": {
                    "PHPStan\\PhpDocParser\\": [
                        "src/"
                    ]
                }
            },
            "notification-url": "https://packagist.org/downloads/",
            "license": [
                "MIT"
            ],
            "description": "PHPDoc parser with support for nullable, intersection and generic types",
            "support": {
                "issues": "https://github.com/phpstan/phpdoc-parser/issues",
                "source": "https://github.com/phpstan/phpdoc-parser/tree/1.24.2"
            },
            "time": "2023-09-26T12:28:12+00:00"
        },
        {
            "name": "psalm/phar",
            "version": "4.30.0",
            "source": {
                "type": "git",
                "url": "https://github.com/psalm/phar.git",
                "reference": "33723713902e1345904a5c9064ef7848bee0d490"
            },
            "dist": {
                "type": "zip",
                "url": "https://api.github.com/repos/psalm/phar/zipball/33723713902e1345904a5c9064ef7848bee0d490",
                "reference": "33723713902e1345904a5c9064ef7848bee0d490",
                "shasum": ""
            },
            "require": {
                "php": "^7.1 || ^8.0"
            },
            "conflict": {
                "vimeo/psalm": "*"
            },
            "bin": [
                "psalm.phar"
            ],
            "type": "library",
            "notification-url": "https://packagist.org/downloads/",
            "license": [
                "MIT"
            ],
            "description": "Composer-based Psalm Phar",
            "support": {
                "issues": "https://github.com/psalm/phar/issues",
                "source": "https://github.com/psalm/phar/tree/4.30.0"
            },
            "time": "2022-11-06T20:41:58+00:00"
        },
        {
            "name": "sirbrillig/phpcs-variable-analysis",
            "version": "2.x-dev",
            "source": {
                "type": "git",
                "url": "https://github.com/sirbrillig/phpcs-variable-analysis.git",
                "reference": "191ed14c00358f5cb4c286c3e9137510f52ff5c0"
            },
            "dist": {
                "type": "zip",
                "url": "https://api.github.com/repos/sirbrillig/phpcs-variable-analysis/zipball/191ed14c00358f5cb4c286c3e9137510f52ff5c0",
                "reference": "191ed14c00358f5cb4c286c3e9137510f52ff5c0",
                "shasum": ""
            },
            "require": {
                "php": ">=5.4.0",
                "squizlabs/php_codesniffer": "^3.5.6"
            },
            "require-dev": {
                "dealerdirect/phpcodesniffer-composer-installer": "^0.7 || ^1.0",
                "phpcsstandards/phpcsdevcs": "^1.1",
                "phpstan/phpstan": "^1.7",
                "phpunit/phpunit": "^4.8.36 || ^5.7.21 || ^6.5 || ^7.0 || ^8.0 || ^9.0",
                "sirbrillig/phpcs-import-detection": "^1.1",
                "vimeo/psalm": "^0.2 || ^0.3 || ^1.1 || ^4.24 || ^5.0@beta"
            },
            "default-branch": true,
            "type": "phpcodesniffer-standard",
            "autoload": {
                "psr-4": {
                    "VariableAnalysis\\": "VariableAnalysis/"
                }
            },
            "notification-url": "https://packagist.org/downloads/",
            "license": [
                "BSD-2-Clause"
            ],
            "authors": [
                {
                    "name": "Sam Graham",
                    "email": "php-codesniffer-variableanalysis@illusori.co.uk"
                },
                {
                    "name": "Payton Swick",
                    "email": "payton@foolord.com"
                }
            ],
            "description": "A PHPCS sniff to detect problems with variables.",
            "keywords": [
                "phpcs",
                "static analysis"
            ],
            "support": {
                "issues": "https://github.com/sirbrillig/phpcs-variable-analysis/issues",
                "source": "https://github.com/sirbrillig/phpcs-variable-analysis",
                "wiki": "https://github.com/sirbrillig/phpcs-variable-analysis/wiki"
            },
            "time": "2023-09-13T17:22:00+00:00"
        },
        {
            "name": "slevomat/coding-standard",
            "version": "dev-master",
            "source": {
                "type": "git",
                "url": "https://github.com/slevomat/coding-standard.git",
                "reference": "34c47b15f852f24008c0f1534b123b2ac124f7e2"
            },
            "dist": {
                "type": "zip",
                "url": "https://api.github.com/repos/slevomat/coding-standard/zipball/34c47b15f852f24008c0f1534b123b2ac124f7e2",
                "reference": "34c47b15f852f24008c0f1534b123b2ac124f7e2",
                "shasum": ""
            },
            "require": {
                "dealerdirect/phpcodesniffer-composer-installer": "^0.6.2 || ^0.7 || ^1.0",
                "php": "^7.2 || ^8.0",
                "phpstan/phpdoc-parser": "^1.23.1",
                "squizlabs/php_codesniffer": "^3.7.1"
            },
            "require-dev": {
                "phing/phing": "2.17.4",
                "php-parallel-lint/php-parallel-lint": "1.3.2",
                "phpstan/phpstan": "1.10.37",
                "phpstan/phpstan-deprecation-rules": "1.1.4",
                "phpstan/phpstan-phpunit": "1.3.14",
                "phpstan/phpstan-strict-rules": "1.5.1",
                "phpunit/phpunit": "8.5.21|9.6.8|10.3.5"
            },
            "default-branch": true,
            "type": "phpcodesniffer-standard",
            "extra": {
                "branch-alias": {
                    "dev-master": "8.x-dev"
                }
            },
            "autoload": {
                "psr-4": {
                    "SlevomatCodingStandard\\": "SlevomatCodingStandard/"
                }
            },
            "notification-url": "https://packagist.org/downloads/",
            "license": [
                "MIT"
            ],
            "description": "Slevomat Coding Standard for PHP_CodeSniffer complements Consistence Coding Standard by providing sniffs with additional checks.",
            "keywords": [
                "dev",
                "phpcs"
            ],
            "support": {
                "issues": "https://github.com/slevomat/coding-standard/issues",
                "source": "https://github.com/slevomat/coding-standard/tree/master"
            },
            "funding": [
                {
                    "url": "https://github.com/kukulich",
                    "type": "github"
                },
                {
                    "url": "https://tidelift.com/funding/github/packagist/slevomat/coding-standard",
                    "type": "tidelift"
                }
            ],
            "time": "2023-10-08T08:13:24+00:00"
        },
        {
            "name": "squizlabs/php_codesniffer",
            "version": "dev-master",
            "source": {
                "type": "git",
                "url": "https://github.com/squizlabs/PHP_CodeSniffer.git",
                "reference": "7566b4d89de1d08d2a8ad85910507d6633a35d28"
            },
            "dist": {
                "type": "zip",
                "url": "https://api.github.com/repos/squizlabs/PHP_CodeSniffer/zipball/7566b4d89de1d08d2a8ad85910507d6633a35d28",
                "reference": "7566b4d89de1d08d2a8ad85910507d6633a35d28",
                "shasum": ""
            },
            "require": {
                "ext-simplexml": "*",
                "ext-tokenizer": "*",
                "ext-xmlwriter": "*",
                "php": ">=5.4.0"
            },
            "require-dev": {
                "phpunit/phpunit": "^4.0 || ^5.0 || ^6.0 || ^7.0"
            },
            "default-branch": true,
            "bin": [
                "bin/phpcs",
                "bin/phpcbf"
            ],
            "type": "library",
            "extra": {
                "branch-alias": {
                    "dev-master": "3.x-dev"
                }
            },
            "notification-url": "https://packagist.org/downloads/",
            "license": [
                "BSD-3-Clause"
            ],
            "authors": [
                {
                    "name": "Greg Sherwood",
                    "role": "lead"
                }
            ],
            "description": "PHP_CodeSniffer tokenizes PHP, JavaScript and CSS files and detects violations of a defined set of coding standards.",
            "homepage": "https://github.com/squizlabs/PHP_CodeSniffer",
            "keywords": [
                "phpcs",
                "standards",
                "static analysis"
            ],
            "support": {
                "issues": "https://github.com/squizlabs/PHP_CodeSniffer/issues",
                "source": "https://github.com/squizlabs/PHP_CodeSniffer",
                "wiki": "https://github.com/squizlabs/PHP_CodeSniffer/wiki"
            },
            "time": "2023-09-11T11:08:03+00:00"
        },
        {
            "name": "symfony/polyfill-ctype",
            "version": "1.x-dev",
            "source": {
                "type": "git",
                "url": "https://github.com/symfony/polyfill-ctype.git",
                "reference": "ea208ce43cbb04af6867b4fdddb1bdbf84cc28cb"
            },
            "dist": {
                "type": "zip",
                "url": "https://api.github.com/repos/symfony/polyfill-ctype/zipball/ea208ce43cbb04af6867b4fdddb1bdbf84cc28cb",
                "reference": "ea208ce43cbb04af6867b4fdddb1bdbf84cc28cb",
                "shasum": ""
            },
            "require": {
                "php": ">=7.1"
            },
            "provide": {
                "ext-ctype": "*"
            },
            "suggest": {
                "ext-ctype": "For best performance"
            },
            "default-branch": true,
            "type": "library",
            "extra": {
                "branch-alias": {
                    "dev-main": "1.28-dev"
                },
                "thanks": {
                    "name": "symfony/polyfill",
                    "url": "https://github.com/symfony/polyfill"
                }
            },
            "autoload": {
                "files": [
                    "bootstrap.php"
                ],
                "psr-4": {
                    "Symfony\\Polyfill\\Ctype\\": ""
                }
            },
            "notification-url": "https://packagist.org/downloads/",
            "license": [
                "MIT"
            ],
            "authors": [
                {
                    "name": "Gert de Pagter",
                    "email": "BackEndTea@gmail.com"
                },
                {
                    "name": "Symfony Community",
                    "homepage": "https://symfony.com/contributors"
                }
            ],
            "description": "Symfony polyfill for ctype functions",
            "homepage": "https://symfony.com",
            "keywords": [
                "compatibility",
                "ctype",
                "polyfill",
                "portable"
            ],
            "support": {
                "source": "https://github.com/symfony/polyfill-ctype/tree/v1.28.0"
            },
            "funding": [
                {
                    "url": "https://symfony.com/sponsor",
                    "type": "custom"
                },
                {
                    "url": "https://github.com/fabpot",
                    "type": "github"
                },
                {
                    "url": "https://tidelift.com/funding/github/packagist/symfony/symfony",
                    "type": "tidelift"
                }
            ],
            "time": "2023-01-26T09:26:14+00:00"
        },
        {
            "name": "symfony/yaml",
            "version": "6.0.x-dev",
            "source": {
                "type": "git",
                "url": "https://github.com/symfony/yaml.git",
                "reference": "deec3a812a0305a50db8ae689b183f43d915c884"
            },
            "dist": {
                "type": "zip",
                "url": "https://api.github.com/repos/symfony/yaml/zipball/deec3a812a0305a50db8ae689b183f43d915c884",
                "reference": "deec3a812a0305a50db8ae689b183f43d915c884",
                "shasum": ""
            },
            "require": {
                "php": ">=8.0.2",
                "symfony/polyfill-ctype": "^1.8"
            },
            "conflict": {
                "symfony/console": "<5.4"
            },
            "require-dev": {
                "symfony/console": "^5.4|^6.0"
            },
            "suggest": {
                "symfony/console": "For validating YAML files using the lint command"
            },
            "bin": [
                "Resources/bin/yaml-lint"
            ],
            "type": "library",
            "autoload": {
                "psr-4": {
                    "Symfony\\Component\\Yaml\\": ""
                },
                "exclude-from-classmap": [
                    "/Tests/"
                ]
            },
            "notification-url": "https://packagist.org/downloads/",
            "license": [
                "MIT"
            ],
            "authors": [
                {
                    "name": "Fabien Potencier",
                    "email": "fabien@symfony.com"
                },
                {
                    "name": "Symfony Community",
                    "homepage": "https://symfony.com/contributors"
                }
            ],
            "description": "Loads and dumps YAML files",
            "homepage": "https://symfony.com",
            "support": {
                "source": "https://github.com/symfony/yaml/tree/6.0"
            },
            "funding": [
                {
                    "url": "https://symfony.com/sponsor",
                    "type": "custom"
                },
                {
                    "url": "https://github.com/fabpot",
                    "type": "github"
                },
                {
                    "url": "https://tidelift.com/funding/github/packagist/symfony/symfony",
                    "type": "tidelift"
                }
            ],
            "time": "2023-01-11T11:50:03+00:00"
        }
    ],
    "packages-dev": [],
    "aliases": [],
    "minimum-stability": "dev",
    "stability-flags": {
        "drupal/coder": 20
    },
    "prefer-stable": false,
    "prefer-lowest": false,
    "platform": [],
    "platform-dev": [],
    "plugin-api-version": "2.6.0"
}
